
Microsoft Visual Studio Solution File, Format Version 12.00
# Visual Studio Version 17
VisualStudioVersion = 17.14.36310.24 d17.14
MinimumVisualStudioVersion = 10.0.40219.1
Project("{FAE04EC0-301F-11D3-BF4B-00C04F79EFBC}") = "PinDrain.Service", "PinDrain.Service.csproj", "{3D399B2F-48A2-1BF1-939F-39C98848DE4D}"
EndProject
Global
	GlobalSection(SolutionConfigurationPlatforms) = preSolution
		Debug|Any CPU = Debug|Any CPU
		Release|Any CPU = Release|Any CPU
	EndGlobalSection
	GlobalSection(ProjectConfigurationPlatforms) = postSolution
		{3D399B2F-48A2-1BF1-939F-39C98848DE4D}.Debug|Any CPU.ActiveCfg = Debug|Any CPU
		{3D399B2F-48A2-1BF1-939F-39C98848DE4D}.Debug|Any CPU.Build.0 = Debug|Any CPU
		{3D399B2F-48A2-1BF1-939F-39C98848DE4D}.Release|Any CPU.ActiveCfg = Release|Any CPU
		{3D399B2F-48A2-1BF1-939F-39C98848DE4D}.Release|Any CPU.Build.0 = Release|Any CPU
	EndGlobalSection
	GlobalSection(SolutionProperties) = preSolution
		HideSolutionNode = FALSE
	EndGlobalSection
	GlobalSection(ExtensibilityGlobals) = postSolution
		SolutionGuid = {AD652022-0B37-46B2-9B03-F389C50B3BA1}
	EndGlobalSection
EndGlobal
